
Microsoft Visual Studio Solution File, Format Version 12.00
# Visual Studio Version 17
VisualStudioVersion = 17.2.32516.85
MinimumVisualStudioVersion = 10.0.40219.1
Project("{FAE04EC0-301F-11D3-BF4B-00C04F79EFBC}") = "PracticeWithcSharp", "PracticeWithcSharp\PracticeWithcSharp.csproj", "{45364F25-D4CA-46A7-8A10-02B30DFACA68}"
EndProject
Global
	GlobalSection(SolutionConfigurationPlatforms) = preSolution
		Debug|Any CPU = Debug|Any CPU
		Release|Any CPU = Release|Any CPU
	EndGlobalSection
	GlobalSection(ProjectConfigurationPlatforms) = postSolution
		{45364F25-D4CA-46A7-8A10-02B30DFACA68}.Debug|Any CPU.ActiveCfg = Debug|Any CPU
		{45364F25-D4CA-46A7-8A10-02B30DFACA68}.Debug|Any CPU.Build.0 = Debug|Any CPU
		{45364F25-D4CA-46A7-8A10-02B30DFACA68}.Release|Any CPU.ActiveCfg = Release|Any CPU
		{45364F25-D4CA-46A7-8A10-02B30DFACA68}.Release|Any CPU.Build.0 = Release|Any CPU
	EndGlobalSection
	GlobalSection(SolutionProperties) = preSolution
		HideSolutionNode = FALSE
	EndGlobalSection
	GlobalSection(ExtensibilityGlobals) = postSolution
		SolutionGuid = {5BE86B79-73A3-43C8-A445-91527D00D95A}
	EndGlobalSection
EndGlobal
